
Microsoft Visual Studio Solution File, Format Version 12.00
# Visual Studio 2012
Project("{FAE04EC0-301F-11D3-BF4B-00C04F79EFBC}") = "lol", "lol\lol.csproj", "{794B67DE-3E36-45DE-B5CE-BE27D52A5167}"
EndProject
Global
	GlobalSection(SolutionConfigurationPlatforms) = preSolution
		Debug|x86 = Debug|x86
		Release|x86 = Release|x86
	EndGlobalSection
	GlobalSection(ProjectConfigurationPlatforms) = postSolution
		{794B67DE-3E36-45DE-B5CE-BE27D52A5167}.Debug|x86.ActiveCfg = Debug|x86
		{794B67DE-3E36-45DE-B5CE-BE27D52A5167}.Debug|x86.Build.0 = Debug|x86
		{794B67DE-3E36-45DE-B5CE-BE27D52A5167}.Release|x86.ActiveCfg = Release|x86
		{794B67DE-3E36-45DE-B5CE-BE27D52A5167}.Release|x86.Build.0 = Release|x86
	EndGlobalSection
	GlobalSection(MonoDevelopProperties) = preSolution
		StartupItem = lol\lol.csproj
	EndGlobalSection
EndGlobal
